<?xml version="1.0" encoding="utf-8"?>
<Project ToolsVersion="4.0" xmlns="http://schemas.microsoft.com/developer/msbuild/2003">
  <ItemGroup>
    <Filter Include="headers">
      <UniqueIdentifier>{93995380-89BD-4b04-88EB-625FBE52EBFB}</UniqueIdentifier>
      <Extensions>h;hh;hpp;hxx;hm;inl;inc;xsd</Extensions>
    </Filter>
    <Filter Include="sources">
      <UniqueIdentifier>{4FC737F1-C7A5-4376-A066-2A32D752A2FF}</UniqueIdentifier>
      <Extensions>cpp;c;cc;cxx;def;odl;idl;hpj;bat;asm;asmx</Extensions>
    </Filter>
    <Filter Include="import">
      <UniqueIdentifier>{373e6110-1a5b-415d-a32b-d6b037baab14}</UniqueIdentifier>
    </Filter>
  </ItemGroup>
  <ItemGroup>
    <ClInclude Include="stdafx.h">
      <Filter>headers</Filter>
    </ClInclude>
    <ClInclude Include="targetver.h">
      <Filter>headers</Filter>
    </ClInclude>
    <ClInclude Include="Calificador.h">
      <Filter>import</Filter>
    </ClInclude>
    <ClInclude Include="CalificadorDll.h">
      <Filter>import</Filter>
    </ClInclude>
    <ClInclude Include="IFabrica.h">
      <Filter>import</Filter>
    </ClInclude>
    <ClInclude Include="IGrafoSocial.h">
      <Filter>import</Filter>
    </ClInclude>
    <ClInclude Include="ILista.h">
      <Filter>import</Filter>
    </ClInclude>
    <ClInclude Include="INodoGrafoSocial.h">
      <Filter>import</Filter>
    </ClInclude>
    <ClInclude Include="INodoLista.h">
      <Filter>import</Filter>
    </ClInclude>
    <ClInclude Include="IPersona.h">
      <Filter>import</Filter>
    </ClInclude>
    <ClInclude Include="Fabrica.h">
      <Filter>headers</Filter>
    </ClInclude>
    <ClInclude Include="GrafoSocial.h">
      <Filter>headers</Filter>
    </ClInclude>
    <ClInclude Include="NodoGrafoSocial.h">
      <Filter>headers</Filter>
    </ClInclude>
    <ClInclude Include="NodoLista.h">
      <Filter>headers</Filter>
    </ClInclude>
    <ClInclude Include="Persona.h">
      <Filter>headers</Filter>
    </ClInclude>
    <ClInclude Include="Lista.h">
      <Filter>headers</Filter>
    </ClInclude>
  </ItemGroup>
  <ItemGroup>
    <ClCompile Include="stdafx.cpp">
      <Filter>sources</Filter>
    </ClCompile>
    <ClCompile Include="Main.cpp">
      <Filter>sources</Filter>
    </ClCompile>
    <ClCompile Include="Fabrica.cpp">
      <Filter>sources</Filter>
    </ClCompile>
    <ClCompile Include="GrafoSocial.cpp">
      <Filter>sources</Filter>
    </ClCompile>
    <ClCompile Include="NodoGrafoSocial.cpp">
      <Filter>sources</Filter>
    </ClCompile>
    <ClCompile Include="Persona.cpp">
      <Filter>sources</Filter>
    </ClCompile>
  </ItemGroup>
</Project>